// !$*UTF8*$!
{
	archiveVersion = 1;
	classes = {
	};
	objectVersion = 77;
	objects = {

/* Begin PBXBuildFile section */
		990E33782DF606540087D79F /* Assets.xcassets in Resources */ = {isa = PBXBuildFile; fileRef = 990E33742DF606540087D79F /* Assets.xcassets */; };
		990E33792DF606540087D79F /* TransactionsListView.swift in Sources */ = {isa = PBXBuildFile; fileRef = 990E33752DF606540087D79F /* TransactionsListView.swift */; };
		990E337A2DF606540087D79F /* FinancialTamerApp.swift in Sources */ = {isa = PBXBuildFile; fileRef = 990E33762DF606540087D79F /* FinancialTamerApp.swift */; };
		990E337E2DF606980087D79F /* Category.swift in Sources */ = {isa = PBXBuildFile; fileRef = 990E337D2DF606980087D79F /* Category.swift */; };
		990E33802DF606A00087D79F /* BankAccount.swift in Sources */ = {isa = PBXBuildFile; fileRef = 990E337F2DF606A00087D79F /* BankAccount.swift */; };
		990E33822DF606A70087D79F /* Transaction.swift in Sources */ = {isa = PBXBuildFile; fileRef = 990E33812DF606A70087D79F /* Transaction.swift */; };
		990E339A2DF76CE70087D79F /* TransactionsFileCache.swift in Sources */ = {isa = PBXBuildFile; fileRef = 990E33992DF76CE70087D79F /* TransactionsFileCache.swift */; };
		990E339E2DF838090087D79F /* CategoriesService.swift in Sources */ = {isa = PBXBuildFile; fileRef = 990E339D2DF838090087D79F /* CategoriesService.swift */; };
		992CFB6D2DFF1F580024890B /* HistoryView.swift in Sources */ = {isa = PBXBuildFile; fileRef = 992CFB6C2DFF1F580024890B /* HistoryView.swift */; };
		99499AAE2E13F18700EBAAAB /* Fuse in Frameworks */ = {isa = PBXBuildFile; productRef = 99499AAD2E13F18700EBAAAB /* Fuse */; };
		994D13AC2E1178CE00AD6682 /* EmojiCircle.swift in Sources */ = {isa = PBXBuildFile; fileRef = 994D13AB2E1178CE00AD6682 /* EmojiCircle.swift */; };
		994D13AF2E11A63E00AD6682 /* CategoriesModel.swift in Sources */ = {isa = PBXBuildFile; fileRef = 994D13AE2E11A63E00AD6682 /* CategoriesModel.swift */; };
		9960872E2E0201160020E85D /* Calendar+endOfDay.swift in Sources */ = {isa = PBXBuildFile; fileRef = 9960872D2E0201160020E85D /* Calendar+endOfDay.swift */; };
		9960874C2E02D48F0020E85D /* Decimal+formattedCurrency.swift in Sources */ = {isa = PBXBuildFile; fileRef = 9960874B2E02D48F0020E85D /* Decimal+formattedCurrency.swift */; };
		997929252DFC803800AFE3A3 /* MainTabView.swift in Sources */ = {isa = PBXBuildFile; fileRef = 997929242DFC803800AFE3A3 /* MainTabView.swift */; };
		997929292DFC81BE00AFE3A3 /* AccountView.swift in Sources */ = {isa = PBXBuildFile; fileRef = 997929282DFC81BE00AFE3A3 /* AccountView.swift */; };
		9979292B2DFC81D200AFE3A3 /* CategoriesView.swift in Sources */ = {isa = PBXBuildFile; fileRef = 9979292A2DFC81D200AFE3A3 /* CategoriesView.swift */; };
		9979292D2DFC81E300AFE3A3 /* SettingsView.swift in Sources */ = {isa = PBXBuildFile; fileRef = 9979292C2DFC81E300AFE3A3 /* SettingsView.swift */; };
		9979292F2DFCA94000AFE3A3 /* transactions.json in Resources */ = {isa = PBXBuildFile; fileRef = 9979292E2DFCA94000AFE3A3 /* transactions.json */; };
		997B6AB72DF84A7600F72B63 /* BankAccountsService.swift in Sources */ = {isa = PBXBuildFile; fileRef = 997B6AB62DF84A7600F72B63 /* BankAccountsService.swift */; };
		997B6AB92DF8587800F72B63 /* TransactionsService.swift in Sources */ = {isa = PBXBuildFile; fileRef = 997B6AB82DF8587800F72B63 /* TransactionsService.swift */; };
		999445202E082CFC004AB0B6 /* TransactionsListModel.swift in Sources */ = {isa = PBXBuildFile; fileRef = 9994451F2E082CFC004AB0B6 /* TransactionsListModel.swift */; };
		9994456F2E083357004AB0B6 /* HistoryModel.swift in Sources */ = {isa = PBXBuildFile; fileRef = 9994456E2E083357004AB0B6 /* HistoryModel.swift */; };
		999445722E0848F6004AB0B6 /* AccountModel.swift in Sources */ = {isa = PBXBuildFile; fileRef = 999445712E0848F6004AB0B6 /* AccountModel.swift */; };
		999445742E08576C004AB0B6 /* +Shake.swift in Sources */ = {isa = PBXBuildFile; fileRef = 999445732E08576C004AB0B6 /* +Shake.swift */; };
		9994457A2E08669B004AB0B6 /* +Spoiler.swift in Sources */ = {isa = PBXBuildFile; fileRef = 999445792E08669B004AB0B6 /* +Spoiler.swift */; };
		99F43F7B2E13EAF5005F5466 /* String+fuzzyMatches.swift in Sources */ = {isa = PBXBuildFile; fileRef = 99F43F7A2E13EAF5005F5466 /* String+fuzzyMatches.swift */; };
		99FA3BBD2DFD92500099E7E8 /* EditTransactionView.swift in Sources */ = {isa = PBXBuildFile; fileRef = 99FA3BBC2DFD92500099E7E8 /* EditTransactionView.swift */; };
/* End PBXBuildFile section */

/* Begin PBXContainerItemProxy section */
		992873442DF8863E0025ADA6 /* PBXContainerItemProxy */ = {
			isa = PBXContainerItemProxy;
			containerPortal = 990E33512DF604CF0087D79F /* Project object */;
			proxyType = 1;
			remoteGlobalIDString = 990E33582DF604CF0087D79F;
			remoteInfo = FinancialTamer;
		};
/* End PBXContainerItemProxy section */

/* Begin PBXFileReference section */
		990E33592DF604CF0087D79F /* FinancialTamer.app */ = {isa = PBXFileReference; explicitFileType = wrapper.application; includeInIndex = 0; path = FinancialTamer.app; sourceTree = BUILT_PRODUCTS_DIR; };
		990E33742DF606540087D79F /* Assets.xcassets */ = {isa = PBXFileReference; lastKnownFileType = folder.assetcatalog; path = Assets.xcassets; sourceTree = "<group>"; };
		990E33752DF606540087D79F /* TransactionsListView.swift */ = {isa = PBXFileReference; lastKnownFileType = sourcecode.swift; path = TransactionsListView.swift; sourceTree = "<group>"; };
		990E33762DF606540087D79F /* FinancialTamerApp.swift */ = {isa = PBXFileReference; lastKnownFileType = sourcecode.swift; path = FinancialTamerApp.swift; sourceTree = "<group>"; };
		990E337D2DF606980087D79F /* Category.swift */ = {isa = PBXFileReference; lastKnownFileType = sourcecode.swift; path = Category.swift; sourceTree = "<group>"; };
		990E337F2DF606A00087D79F /* BankAccount.swift */ = {isa = PBXFileReference; lastKnownFileType = sourcecode.swift; path = BankAccount.swift; sourceTree = "<group>"; };
		990E33812DF606A70087D79F /* Transaction.swift */ = {isa = PBXFileReference; lastKnownFileType = sourcecode.swift; path = Transaction.swift; sourceTree = "<group>"; };
		990E33992DF76CE70087D79F /* TransactionsFileCache.swift */ = {isa = PBXFileReference; lastKnownFileType = sourcecode.swift; path = TransactionsFileCache.swift; sourceTree = "<group>"; };
		990E339D2DF838090087D79F /* CategoriesService.swift */ = {isa = PBXFileReference; lastKnownFileType = sourcecode.swift; path = CategoriesService.swift; sourceTree = "<group>"; };
		992873402DF8863E0025ADA6 /* FinancialTamerTests.xctest */ = {isa = PBXFileReference; explicitFileType = wrapper.cfbundle; includeInIndex = 0; path = FinancialTamerTests.xctest; sourceTree = BUILT_PRODUCTS_DIR; };
		992CFB6C2DFF1F580024890B /* HistoryView.swift */ = {isa = PBXFileReference; lastKnownFileType = sourcecode.swift; path = HistoryView.swift; sourceTree = "<group>"; };
		994D13AB2E1178CE00AD6682 /* EmojiCircle.swift */ = {isa = PBXFileReference; lastKnownFileType = sourcecode.swift; path = EmojiCircle.swift; sourceTree = "<group>"; };
		994D13AE2E11A63E00AD6682 /* CategoriesModel.swift */ = {isa = PBXFileReference; lastKnownFileType = sourcecode.swift; path = CategoriesModel.swift; sourceTree = "<group>"; };
		9960872D2E0201160020E85D /* Calendar+endOfDay.swift */ = {isa = PBXFileReference; lastKnownFileType = sourcecode.swift; path = "Calendar+endOfDay.swift"; sourceTree = "<group>"; };
		9960874B2E02D48F0020E85D /* Decimal+formattedCurrency.swift */ = {isa = PBXFileReference; lastKnownFileType = sourcecode.swift; path = "Decimal+formattedCurrency.swift"; sourceTree = "<group>"; };
		997929242DFC803800AFE3A3 /* MainTabView.swift */ = {isa = PBXFileReference; lastKnownFileType = sourcecode.swift; path = MainTabView.swift; sourceTree = "<group>"; };
		997929282DFC81BE00AFE3A3 /* AccountView.swift */ = {isa = PBXFileReference; lastKnownFileType = sourcecode.swift; path = AccountView.swift; sourceTree = "<group>"; };
		9979292A2DFC81D200AFE3A3 /* CategoriesView.swift */ = {isa = PBXFileReference; lastKnownFileType = sourcecode.swift; path = CategoriesView.swift; sourceTree = "<group>"; };
		9979292C2DFC81E300AFE3A3 /* SettingsView.swift */ = {isa = PBXFileReference; lastKnownFileType = sourcecode.swift; path = SettingsView.swift; sourceTree = "<group>"; };
		9979292E2DFCA94000AFE3A3 /* transactions.json */ = {isa = PBXFileReference; lastKnownFileType = text.json; path = transactions.json; sourceTree = "<group>"; };
		997B6AB62DF84A7600F72B63 /* BankAccountsService.swift */ = {isa = PBXFileReference; lastKnownFileType = sourcecode.swift; path = BankAccountsService.swift; sourceTree = "<group>"; };
		997B6AB82DF8587800F72B63 /* TransactionsService.swift */ = {isa = PBXFileReference; lastKnownFileType = sourcecode.swift; path = TransactionsService.swift; sourceTree = "<group>"; };
		9994451F2E082CFC004AB0B6 /* TransactionsListModel.swift */ = {isa = PBXFileReference; lastKnownFileType = sourcecode.swift; path = TransactionsListModel.swift; sourceTree = "<group>"; };
		9994456E2E083357004AB0B6 /* HistoryModel.swift */ = {isa = PBXFileReference; lastKnownFileType = sourcecode.swift; path = HistoryModel.swift; sourceTree = "<group>"; };
		999445712E0848F6004AB0B6 /* AccountModel.swift */ = {isa = PBXFileReference; lastKnownFileType = sourcecode.swift; path = AccountModel.swift; sourceTree = "<group>"; };
		999445732E08576C004AB0B6 /* +Shake.swift */ = {isa = PBXFileReference; lastKnownFileType = sourcecode.swift; path = "+Shake.swift"; sourceTree = "<group>"; };
		999445792E08669B004AB0B6 /* +Spoiler.swift */ = {isa = PBXFileReference; lastKnownFileType = sourcecode.swift; path = "+Spoiler.swift"; sourceTree = "<group>"; };
		99F43F7A2E13EAF5005F5466 /* String+fuzzyMatches.swift */ = {isa = PBXFileReference; lastKnownFileType = sourcecode.swift; path = "String+fuzzyMatches.swift"; sourceTree = "<group>"; };
		99FA3BBC2DFD92500099E7E8 /* EditTransactionView.swift */ = {isa = PBXFileReference; lastKnownFileType = sourcecode.swift; path = EditTransactionView.swift; sourceTree = "<group>"; };
/* End PBXFileReference section */

/* Begin PBXFileSystemSynchronizedRootGroup section */
		992873412DF8863E0025ADA6 /* FinancialTamerTests */ = {
			isa = PBXFileSystemSynchronizedRootGroup;
			path = FinancialTamerTests;
			sourceTree = "<group>";
		};
/* End PBXFileSystemSynchronizedRootGroup section */

/* Begin PBXFrameworksBuildPhase section */
		990E33562DF604CF0087D79F /* Frameworks */ = {
			isa = PBXFrameworksBuildPhase;
			buildActionMask = 2147483647;
			files = (
				99499AAE2E13F18700EBAAAB /* Fuse in Frameworks */,
			);
			runOnlyForDeploymentPostprocessing = 0;
		};
		9928733D2DF8863E0025ADA6 /* Frameworks */ = {
			isa = PBXFrameworksBuildPhase;
			buildActionMask = 2147483647;
			files = (
			);
			runOnlyForDeploymentPostprocessing = 0;
		};
/* End PBXFrameworksBuildPhase section */

/* Begin PBXGroup section */
		990E33502DF604CF0087D79F = {
			isa = PBXGroup;
			children = (
				990E33772DF606540087D79F /* FinancialTamer */,
				992873412DF8863E0025ADA6 /* FinancialTamerTests */,
				990E335A2DF604CF0087D79F /* Products */,
			);
			sourceTree = "<group>";
		};
		990E335A2DF604CF0087D79F /* Products */ = {
			isa = PBXGroup;
			children = (
				990E33592DF604CF0087D79F /* FinancialTamer.app */,
				992873402DF8863E0025ADA6 /* FinancialTamerTests.xctest */,
			);
			name = Products;
			sourceTree = "<group>";
		};
		990E33772DF606540087D79F /* FinancialTamer */ = {
			isa = PBXGroup;
			children = (
				990E33762DF606540087D79F /* FinancialTamerApp.swift */,
				990E337B2DF606680087D79F /* Extensions */,
				990E339B2DF837F90087D79F /* DomainModels */,
				990E339C2DF837FE0087D79F /* Services */,
				990E337C2DF6066D0087D79F /* Screens */,
				990E33742DF606540087D79F /* Assets.xcassets */,
				9979292E2DFCA94000AFE3A3 /* transactions.json */,
			);
			path = FinancialTamer;
			sourceTree = "<group>";
		};
		990E337B2DF606680087D79F /* Extensions */ = {
			isa = PBXGroup;
			children = (
				9960872D2E0201160020E85D /* Calendar+endOfDay.swift */,
				9960874B2E02D48F0020E85D /* Decimal+formattedCurrency.swift */,
				999445732E08576C004AB0B6 /* +Shake.swift */,
				999445792E08669B004AB0B6 /* +Spoiler.swift */,
				99F43F7A2E13EAF5005F5466 /* String+fuzzyMatches.swift */,
			);
			path = Extensions;
			sourceTree = "<group>";
		};
		990E337C2DF6066D0087D79F /* Screens */ = {
			isa = PBXGroup;
			children = (
				997929242DFC803800AFE3A3 /* MainTabView.swift */,
				994D13AB2E1178CE00AD6682 /* EmojiCircle.swift */,
				99FA3BBB2DFD92430099E7E8 /* Transactions */,
				999445702E0848D4004AB0B6 /* Account */,
				994D13AD2E11A62D00AD6682 /* Categories */,
				9979292C2DFC81E300AFE3A3 /* SettingsView.swift */,
			);
			path = Screens;
			sourceTree = "<group>";
		};
		990E339B2DF837F90087D79F /* DomainModels */ = {
			isa = PBXGroup;
			children = (
				990E337D2DF606980087D79F /* Category.swift */,
				990E337F2DF606A00087D79F /* BankAccount.swift */,
				990E33812DF606A70087D79F /* Transaction.swift */,
			);
			path = DomainModels;
			sourceTree = "<group>";
		};
		990E339C2DF837FE0087D79F /* Services */ = {
			isa = PBXGroup;
			children = (
				990E33992DF76CE70087D79F /* TransactionsFileCache.swift */,
				990E339D2DF838090087D79F /* CategoriesService.swift */,
				997B6AB62DF84A7600F72B63 /* BankAccountsService.swift */,
				997B6AB82DF8587800F72B63 /* TransactionsService.swift */,
			);
			path = Services;
			sourceTree = "<group>";
		};
		994D13AD2E11A62D00AD6682 /* Categories */ = {
			isa = PBXGroup;
			children = (
				9979292A2DFC81D200AFE3A3 /* CategoriesView.swift */,
				994D13AE2E11A63E00AD6682 /* CategoriesModel.swift */,
			);
			path = Categories;
			sourceTree = "<group>";
		};
		999445212E082D02004AB0B6 /* View */ = {
			isa = PBXGroup;
			children = (
				990E33752DF606540087D79F /* TransactionsListView.swift */,
				99FA3BBC2DFD92500099E7E8 /* EditTransactionView.swift */,
				992CFB6C2DFF1F580024890B /* HistoryView.swift */,
			);
			path = View;
			sourceTree = "<group>";
		};
		999445222E082D0B004AB0B6 /* Model */ = {
			isa = PBXGroup;
			children = (
				9994451F2E082CFC004AB0B6 /* TransactionsListModel.swift */,
				9994456E2E083357004AB0B6 /* HistoryModel.swift */,
			);
			path = Model;
			sourceTree = "<group>";
		};
		999445702E0848D4004AB0B6 /* Account */ = {
			isa = PBXGroup;
			children = (
				997929282DFC81BE00AFE3A3 /* AccountView.swift */,
				999445712E0848F6004AB0B6 /* AccountModel.swift */,
			);
			path = Account;
			sourceTree = "<group>";
		};
		99FA3BBB2DFD92430099E7E8 /* Transactions */ = {
			isa = PBXGroup;
			children = (
				999445212E082D02004AB0B6 /* View */,
				999445222E082D0B004AB0B6 /* Model */,
			);
			path = Transactions;
			sourceTree = "<group>";
		};
/* End PBXGroup section */

/* Begin PBXNativeTarget section */
		990E33582DF604CF0087D79F /* FinancialTamer */ = {
			isa = PBXNativeTarget;
			buildConfigurationList = 990E33642DF604D00087D79F /* Build configuration list for PBXNativeTarget "FinancialTamer" */;
			buildPhases = (
				990E33552DF604CF0087D79F /* Sources */,
				990E33562DF604CF0087D79F /* Frameworks */,
				990E33572DF604CF0087D79F /* Resources */,
			);
			buildRules = (
			);
			dependencies = (
			);
			name = FinancialTamer;
			packageProductDependencies = (
				99499AAD2E13F18700EBAAAB /* Fuse */,
			);
			productName = FinancialTamer;
			productReference = 990E33592DF604CF0087D79F /* FinancialTamer.app */;
			productType = "com.apple.product-type.application";
		};
		9928733F2DF8863E0025ADA6 /* FinancialTamerTests */ = {
			isa = PBXNativeTarget;
			buildConfigurationList = 992873482DF8863E0025ADA6 /* Build configuration list for PBXNativeTarget "FinancialTamerTests" */;
			buildPhases = (
				9928733C2DF8863E0025ADA6 /* Sources */,
				9928733D2DF8863E0025ADA6 /* Frameworks */,
				9928733E2DF8863E0025ADA6 /* Resources */,
			);
			buildRules = (
			);
			dependencies = (
				992873452DF8863E0025ADA6 /* PBXTargetDependency */,
			);
			fileSystemSynchronizedGroups = (
				992873412DF8863E0025ADA6 /* FinancialTamerTests */,
			);
			name = FinancialTamerTests;
			packageProductDependencies = (
			);
			productName = FinancialTamerTests;
			productReference = 992873402DF8863E0025ADA6 /* FinancialTamerTests.xctest */;
			productType = "com.apple.product-type.bundle.unit-test";
		};
/* End PBXNativeTarget section */

/* Begin PBXProject section */
		990E33512DF604CF0087D79F /* Project object */ = {
			isa = PBXProject;
			attributes = {
				BuildIndependentTargetsInParallel = 1;
				LastSwiftUpdateCheck = 1640;
				LastUpgradeCheck = 1630;
				TargetAttributes = {
					990E33582DF604CF0087D79F = {
						CreatedOnToolsVersion = 16.3;
					};
					9928733F2DF8863E0025ADA6 = {
						CreatedOnToolsVersion = 16.4;
						TestTargetID = 990E33582DF604CF0087D79F;
					};
				};
			};
			buildConfigurationList = 990E33542DF604CF0087D79F /* Build configuration list for PBXProject "FinancialTamer" */;
			developmentRegion = en;
			hasScannedForEncodings = 0;
			knownRegions = (
				en,
				Base,
			);
			mainGroup = 990E33502DF604CF0087D79F;
			minimizedProjectReferenceProxies = 1;
			packageReferences = (
				99499AAC2E13F18700EBAAAB /* XCRemoteSwiftPackageReference "fuse-swift" */,
			);
			preferredProjectObjectVersion = 77;
			productRefGroup = 990E335A2DF604CF0087D79F /* Products */;
			projectDirPath = "";
			projectRoot = "";
			targets = (
				990E33582DF604CF0087D79F /* FinancialTamer */,
				9928733F2DF8863E0025ADA6 /* FinancialTamerTests */,
			);
		};
/* End PBXProject section */

/* Begin PBXResourcesBuildPhase section */
		990E33572DF604CF0087D79F /* Resources */ = {
			isa = PBXResourcesBuildPhase;
			buildActionMask = 2147483647;
			files = (
				9979292F2DFCA94000AFE3A3 /* transactions.json in Resources */,
				990E33782DF606540087D79F /* Assets.xcassets in Resources */,
			);
			runOnlyForDeploymentPostprocessing = 0;
		};
		9928733E2DF8863E0025ADA6 /* Resources */ = {
			isa = PBXResourcesBuildPhase;
			buildActionMask = 2147483647;
			files = (
			);
			runOnlyForDeploymentPostprocessing = 0;
		};
/* End PBXResourcesBuildPhase section */

/* Begin PBXSourcesBuildPhase section */
		990E33552DF604CF0087D79F /* Sources */ = {
			isa = PBXSourcesBuildPhase;
			buildActionMask = 2147483647;
			files = (
				990E33792DF606540087D79F /* TransactionsListView.swift in Sources */,
				9960872E2E0201160020E85D /* Calendar+endOfDay.swift in Sources */,
				99F43F7B2E13EAF5005F5466 /* String+fuzzyMatches.swift in Sources */,
				997B6AB72DF84A7600F72B63 /* BankAccountsService.swift in Sources */,
				990E33802DF606A00087D79F /* BankAccount.swift in Sources */,
				990E339E2DF838090087D79F /* CategoriesService.swift in Sources */,
				997B6AB92DF8587800F72B63 /* TransactionsService.swift in Sources */,
				999445202E082CFC004AB0B6 /* TransactionsListModel.swift in Sources */,
				990E337A2DF606540087D79F /* FinancialTamerApp.swift in Sources */,
				9979292B2DFC81D200AFE3A3 /* CategoriesView.swift in Sources */,
				9960874C2E02D48F0020E85D /* Decimal+formattedCurrency.swift in Sources */,
				992CFB6D2DFF1F580024890B /* HistoryView.swift in Sources */,
				9994457A2E08669B004AB0B6 /* +Spoiler.swift in Sources */,
				990E339A2DF76CE70087D79F /* TransactionsFileCache.swift in Sources */,
				9979292D2DFC81E300AFE3A3 /* SettingsView.swift in Sources */,
				99FA3BBD2DFD92500099E7E8 /* EditTransactionView.swift in Sources */,
				994D13AF2E11A63E00AD6682 /* CategoriesModel.swift in Sources */,
				999445742E08576C004AB0B6 /* +Shake.swift in Sources */,
				990E337E2DF606980087D79F /* Category.swift in Sources */,
				994D13AC2E1178CE00AD6682 /* EmojiCircle.swift in Sources */,
				999445722E0848F6004AB0B6 /* AccountModel.swift in Sources */,
				9994456F2E083357004AB0B6 /* HistoryModel.swift in Sources */,
				990E33822DF606A70087D79F /* Transaction.swift in Sources */,
				997929292DFC81BE00AFE3A3 /* AccountView.swift in Sources */,
				997929252DFC803800AFE3A3 /* MainTabView.swift in Sources */,
			);
			runOnlyForDeploymentPostprocessing = 0;
		};
		9928733C2DF8863E0025ADA6 /* Sources */ = {
			isa = PBXSourcesBuildPhase;
			buildActionMask = 2147483647;
			files = (
			);
			runOnlyForDeploymentPostprocessing = 0;
		};
/* End PBXSourcesBuildPhase section */

/* Begin PBXTargetDependency section */
		992873452DF8863E0025ADA6 /* PBXTargetDependency */ = {
			isa = PBXTargetDependency;
			target = 990E33582DF604CF0087D79F /* FinancialTamer */;
			targetProxy = 992873442DF8863E0025ADA6 /* PBXContainerItemProxy */;
		};
/* End PBXTargetDependency section */

/* Begin XCBuildConfiguration section */
		990E33622DF604D00087D79F /* Debug */ = {
			isa = XCBuildConfiguration;
			buildSettings = {
				ALWAYS_SEARCH_USER_PATHS = NO;
				ASSETCATALOG_COMPILER_GENERATE_SWIFT_ASSET_SYMBOL_EXTENSIONS = YES;
				CLANG_ANALYZER_NONNULL = YES;
				CLANG_ANALYZER_NUMBER_OBJECT_CONVERSION = YES_AGGRESSIVE;
				CLANG_CXX_LANGUAGE_STANDARD = "gnu++20";
				CLANG_ENABLE_MODULES = YES;
				CLANG_ENABLE_OBJC_ARC = YES;
				CLANG_ENABLE_OBJC_WEAK = YES;
				CLANG_WARN_BLOCK_CAPTURE_AUTORELEASING = YES;
				CLANG_WARN_BOOL_CONVERSION = YES;
				CLANG_WARN_COMMA = YES;
				CLANG_WARN_CONSTANT_CONVERSION = YES;
				CLANG_WARN_DEPRECATED_OBJC_IMPLEMENTATIONS = YES;
				CLANG_WARN_DIRECT_OBJC_ISA_USAGE = YES_ERROR;
				CLANG_WARN_DOCUMENTATION_COMMENTS = YES;
				CLANG_WARN_EMPTY_BODY = YES;
				CLANG_WARN_ENUM_CONVERSION = YES;
				CLANG_WARN_INFINITE_RECURSION = YES;
				CLANG_WARN_INT_CONVERSION = YES;
				CLANG_WARN_NON_LITERAL_NULL_CONVERSION = YES;
				CLANG_WARN_OBJC_IMPLICIT_RETAIN_SELF = YES;
				CLANG_WARN_OBJC_LITERAL_CONVERSION = YES;
				CLANG_WARN_OBJC_ROOT_CLASS = YES_ERROR;
				CLANG_WARN_QUOTED_INCLUDE_IN_FRAMEWORK_HEADER = YES;
				CLANG_WARN_RANGE_LOOP_ANALYSIS = YES;
				CLANG_WARN_STRICT_PROTOTYPES = YES;
				CLANG_WARN_SUSPICIOUS_MOVE = YES;
				CLANG_WARN_UNGUARDED_AVAILABILITY = YES_AGGRESSIVE;
				CLANG_WARN_UNREACHABLE_CODE = YES;
				CLANG_WARN__DUPLICATE_METHOD_MATCH = YES;
				COPY_PHASE_STRIP = NO;
				DEBUG_INFORMATION_FORMAT = dwarf;
				DEVELOPMENT_TEAM = V459R55R59;
				ENABLE_STRICT_OBJC_MSGSEND = YES;
				ENABLE_TESTABILITY = YES;
				ENABLE_USER_SCRIPT_SANDBOXING = YES;
				GCC_C_LANGUAGE_STANDARD = gnu17;
				GCC_DYNAMIC_NO_PIC = NO;
				GCC_NO_COMMON_BLOCKS = YES;
				GCC_OPTIMIZATION_LEVEL = 0;
				GCC_PREPROCESSOR_DEFINITIONS = (
					"DEBUG=1",
					"$(inherited)",
				);
				GCC_WARN_64_TO_32_BIT_CONVERSION = YES;
				GCC_WARN_ABOUT_RETURN_TYPE = YES_ERROR;
				GCC_WARN_UNDECLARED_SELECTOR = YES;
				GCC_WARN_UNINITIALIZED_AUTOS = YES_AGGRESSIVE;
				GCC_WARN_UNUSED_FUNCTION = YES;
				GCC_WARN_UNUSED_VARIABLE = YES;
				IPHONEOS_DEPLOYMENT_TARGET = 18.4;
				LOCALIZATION_PREFERS_STRING_CATALOGS = YES;
				MTL_ENABLE_DEBUG_INFO = INCLUDE_SOURCE;
				MTL_FAST_MATH = YES;
				ONLY_ACTIVE_ARCH = YES;
				SDKROOT = iphoneos;
				SWIFT_ACTIVE_COMPILATION_CONDITIONS = "DEBUG $(inherited)";
				SWIFT_OPTIMIZATION_LEVEL = "-Onone";
			};
			name = Debug;
		};
		990E33632DF604D00087D79F /* Release */ = {
			isa = XCBuildConfiguration;
			buildSettings = {
				ALWAYS_SEARCH_USER_PATHS = NO;
				ASSETCATALOG_COMPILER_GENERATE_SWIFT_ASSET_SYMBOL_EXTENSIONS = YES;
				CLANG_ANALYZER_NONNULL = YES;
				CLANG_ANALYZER_NUMBER_OBJECT_CONVERSION = YES_AGGRESSIVE;
				CLANG_CXX_LANGUAGE_STANDARD = "gnu++20";
				CLANG_ENABLE_MODULES = YES;
				CLANG_ENABLE_OBJC_ARC = YES;
				CLANG_ENABLE_OBJC_WEAK = YES;
				CLANG_WARN_BLOCK_CAPTURE_AUTORELEASING = YES;
				CLANG_WARN_BOOL_CONVERSION = YES;
				CLANG_WARN_COMMA = YES;
				CLANG_WARN_CONSTANT_CONVERSION = YES;
				CLANG_WARN_DEPRECATED_OBJC_IMPLEMENTATIONS = YES;
				CLANG_WARN_DIRECT_OBJC_ISA_USAGE = YES_ERROR;
				CLANG_WARN_DOCUMENTATION_COMMENTS = YES;
				CLANG_WARN_EMPTY_BODY = YES;
				CLANG_WARN_ENUM_CONVERSION = YES;
				CLANG_WARN_INFINITE_RECURSION = YES;
				CLANG_WARN_INT_CONVERSION = YES;
				CLANG_WARN_NON_LITERAL_NULL_CONVERSION = YES;
				CLANG_WARN_OBJC_IMPLICIT_RETAIN_SELF = YES;
				CLANG_WARN_OBJC_LITERAL_CONVERSION = YES;
				CLANG_WARN_OBJC_ROOT_CLASS = YES_ERROR;
				CLANG_WARN_QUOTED_INCLUDE_IN_FRAMEWORK_HEADER = YES;
				CLANG_WARN_RANGE_LOOP_ANALYSIS = YES;
				CLANG_WARN_STRICT_PROTOTYPES = YES;
				CLANG_WARN_SUSPICIOUS_MOVE = YES;
				CLANG_WARN_UNGUARDED_AVAILABILITY = YES_AGGRESSIVE;
				CLANG_WARN_UNREACHABLE_CODE = YES;
				CLANG_WARN__DUPLICATE_METHOD_MATCH = YES;
				COPY_PHASE_STRIP = NO;
				DEBUG_INFORMATION_FORMAT = "dwarf-with-dsym";
				DEVELOPMENT_TEAM = V459R55R59;
				ENABLE_NS_ASSERTIONS = NO;
				ENABLE_STRICT_OBJC_MSGSEND = YES;
				ENABLE_USER_SCRIPT_SANDBOXING = YES;
				GCC_C_LANGUAGE_STANDARD = gnu17;
				GCC_NO_COMMON_BLOCKS = YES;
				GCC_WARN_64_TO_32_BIT_CONVERSION = YES;
				GCC_WARN_ABOUT_RETURN_TYPE = YES_ERROR;
				GCC_WARN_UNDECLARED_SELECTOR = YES;
				GCC_WARN_UNINITIALIZED_AUTOS = YES_AGGRESSIVE;
				GCC_WARN_UNUSED_FUNCTION = YES;
				GCC_WARN_UNUSED_VARIABLE = YES;
				IPHONEOS_DEPLOYMENT_TARGET = 18.4;
				LOCALIZATION_PREFERS_STRING_CATALOGS = YES;
				MTL_ENABLE_DEBUG_INFO = NO;
				MTL_FAST_MATH = YES;
				SDKROOT = iphoneos;
				SWIFT_COMPILATION_MODE = wholemodule;
				VALIDATE_PRODUCT = YES;
			};
			name = Release;
		};
		990E33652DF604D00087D79F /* Debug */ = {
			isa = XCBuildConfiguration;
			buildSettings = {
				ASSETCATALOG_COMPILER_APPICON_NAME = AppIcon;
				ASSETCATALOG_COMPILER_GLOBAL_ACCENT_COLOR_NAME = AccentColor;
				CODE_SIGN_STYLE = Automatic;
				CURRENT_PROJECT_VERSION = 1;
				DEVELOPMENT_TEAM = V459R55R59;
				ENABLE_PREVIEWS = YES;
				GENERATE_INFOPLIST_FILE = YES;
				INFOPLIST_KEY_UIApplicationSceneManifest_Generation = YES;
				INFOPLIST_KEY_UIApplicationSupportsIndirectInputEvents = YES;
				INFOPLIST_KEY_UILaunchScreen_Generation = YES;
				INFOPLIST_KEY_UISupportedInterfaceOrientations_iPad = "UIInterfaceOrientationPortrait UIInterfaceOrientationPortraitUpsideDown UIInterfaceOrientationLandscapeLeft UIInterfaceOrientationLandscapeRight";
				INFOPLIST_KEY_UISupportedInterfaceOrientations_iPhone = "UIInterfaceOrientationPortrait UIInterfaceOrientationLandscapeLeft UIInterfaceOrientationLandscapeRight";
				IPHONEOS_DEPLOYMENT_TARGET = 18.0;
				LD_RUNPATH_SEARCH_PATHS = (
					"$(inherited)",
					"@executable_path/Frameworks",
				);
				MARKETING_VERSION = 1.0;
				PRODUCT_BUNDLE_IDENTIFIER = ru.avtabenskiy.FinancialTamer;
				PRODUCT_NAME = "$(TARGET_NAME)";
				SWIFT_EMIT_LOC_STRINGS = YES;
				SWIFT_VERSION = 5.0;
				TARGETED_DEVICE_FAMILY = "1,2";
			};
			name = Debug;
		};
		990E33662DF604D00087D79F /* Release */ = {
			isa = XCBuildConfiguration;
			buildSettings = {
				ASSETCATALOG_COMPILER_APPICON_NAME = AppIcon;
				ASSETCATALOG_COMPILER_GLOBAL_ACCENT_COLOR_NAME = AccentColor;
				CODE_SIGN_STYLE = Automatic;
				CURRENT_PROJECT_VERSION = 1;
				DEVELOPMENT_TEAM = V459R55R59;
				ENABLE_PREVIEWS = YES;
				GENERATE_INFOPLIST_FILE = YES;
				INFOPLIST_KEY_UIApplicationSceneManifest_Generation = YES;
				INFOPLIST_KEY_UIApplicationSupportsIndirectInputEvents = YES;
				INFOPLIST_KEY_UILaunchScreen_Generation = YES;
				INFOPLIST_KEY_UISupportedInterfaceOrientations_iPad = "UIInterfaceOrientationPortrait UIInterfaceOrientationPortraitUpsideDown UIInterfaceOrientationLandscapeLeft UIInterfaceOrientationLandscapeRight";
				INFOPLIST_KEY_UISupportedInterfaceOrientations_iPhone = "UIInterfaceOrientationPortrait UIInterfaceOrientationLandscapeLeft UIInterfaceOrientationLandscapeRight";
				IPHONEOS_DEPLOYMENT_TARGET = 18.0;
				LD_RUNPATH_SEARCH_PATHS = (
					"$(inherited)",
					"@executable_path/Frameworks",
				);
				MARKETING_VERSION = 1.0;
				PRODUCT_BUNDLE_IDENTIFIER = ru.avtabenskiy.FinancialTamer;
				PRODUCT_NAME = "$(TARGET_NAME)";
				SWIFT_EMIT_LOC_STRINGS = YES;
				SWIFT_VERSION = 5.0;
				TARGETED_DEVICE_FAMILY = "1,2";
			};
			name = Release;
		};
		992873462DF8863E0025ADA6 /* Debug */ = {
			isa = XCBuildConfiguration;
			buildSettings = {
				BUNDLE_LOADER = "$(TEST_HOST)";
				CODE_SIGN_STYLE = Automatic;
				CURRENT_PROJECT_VERSION = 1;
				DEVELOPMENT_TEAM = V459R55R59;
				GENERATE_INFOPLIST_FILE = YES;
				IPHONEOS_DEPLOYMENT_TARGET = 18.0;
				MARKETING_VERSION = 1.0;
				PRODUCT_BUNDLE_IDENTIFIER = ru.avtabenskiy.FinancialTamerTests;
				PRODUCT_NAME = "$(TARGET_NAME)";
				SWIFT_EMIT_LOC_STRINGS = NO;
				SWIFT_VERSION = 5.0;
				TARGETED_DEVICE_FAMILY = "1,2";
				TEST_HOST = "$(BUILT_PRODUCTS_DIR)/FinancialTamer.app/$(BUNDLE_EXECUTABLE_FOLDER_PATH)/FinancialTamer";
			};
			name = Debug;
		};
		992873472DF8863E0025ADA6 /* Release */ = {
			isa = XCBuildConfiguration;
			buildSettings = {
				BUNDLE_LOADER = "$(TEST_HOST)";
				CODE_SIGN_STYLE = Automatic;
				CURRENT_PROJECT_VERSION = 1;
				DEVELOPMENT_TEAM = V459R55R59;
				GENERATE_INFOPLIST_FILE = YES;
				IPHONEOS_DEPLOYMENT_TARGET = 18.0;
				MARKETING_VERSION = 1.0;
				PRODUCT_BUNDLE_IDENTIFIER = ru.avtabenskiy.FinancialTamerTests;
				PRODUCT_NAME = "$(TARGET_NAME)";
				SWIFT_EMIT_LOC_STRINGS = NO;
				SWIFT_VERSION = 5.0;
				TARGETED_DEVICE_FAMILY = "1,2";
				TEST_HOST = "$(BUILT_PRODUCTS_DIR)/FinancialTamer.app/$(BUNDLE_EXECUTABLE_FOLDER_PATH)/FinancialTamer";
			};
			name = Release;
		};
/* End XCBuildConfiguration section */

/* Begin XCConfigurationList section */
		990E33542DF604CF0087D79F /* Build configuration list for PBXProject "FinancialTamer" */ = {
			isa = XCConfigurationList;
			buildConfigurations = (
				990E33622DF604D00087D79F /* Debug */,
				990E33632DF604D00087D79F /* Release */,
			);
			defaultConfigurationIsVisible = 0;
			defaultConfigurationName = Release;
		};
		990E33642DF604D00087D79F /* Build configuration list for PBXNativeTarget "FinancialTamer" */ = {
			isa = XCConfigurationList;
			buildConfigurations = (
				990E33652DF604D00087D79F /* Debug */,
				990E33662DF604D00087D79F /* Release */,
			);
			defaultConfigurationIsVisible = 0;
			defaultConfigurationName = Release;
		};
		992873482DF8863E0025ADA6 /* Build configuration list for PBXNativeTarget "FinancialTamerTests" */ = {
			isa = XCConfigurationList;
			buildConfigurations = (
				992873462DF8863E0025ADA6 /* Debug */,
				992873472DF8863E0025ADA6 /* Release */,
			);
			defaultConfigurationIsVisible = 0;
			defaultConfigurationName = Release;
		};
/* End XCConfigurationList section */

/* Begin XCRemoteSwiftPackageReference section */
		99499AAC2E13F18700EBAAAB /* XCRemoteSwiftPackageReference "fuse-swift" */ = {
			isa = XCRemoteSwiftPackageReference;
			repositoryURL = "https://github.com/krisk/fuse-swift";
			requirement = {
				kind = upToNextMajorVersion;
				minimumVersion = 1.4.0;
			};
		};
/* End XCRemoteSwiftPackageReference section */

/* Begin XCSwiftPackageProductDependency section */
		99499AAD2E13F18700EBAAAB /* Fuse */ = {
			isa = XCSwiftPackageProductDependency;
			package = 99499AAC2E13F18700EBAAAB /* XCRemoteSwiftPackageReference "fuse-swift" */;
			productName = Fuse;
		};
/* End XCSwiftPackageProductDependency section */
	};
	rootObject = 990E33512DF604CF0087D79F /* Project object */;
}
